
Microsoft Visual Studio Solution File, Format Version 12.00
# Visual Studio 15
VisualStudioVersion = 15.0.26124.0
MinimumVisualStudioVersion = 15.0.26124.0
Project("{2150E333-8FDC-42A3-9474-1A3956D46DE8}") = "src", "src", "{32BC36AA-3B9E-4163-82B5-41D758C01AF4}"
EndProject
Project("{FAE04EC0-301F-11D3-BF4B-00C04F79EFBC}") = "GradeBook", "src\GradeBook\GradeBook.csproj", "{F4428522-AA23-4ADF-8800-639D009EFEFD}"
EndProject
Project("{2150E333-8FDC-42A3-9474-1A3956D46DE8}") = "test", "test", "{7C685548-DE81-4F58-A5C8-171C29279242}"
EndProject
Project("{FAE04EC0-301F-11D3-BF4B-00C04F79EFBC}") = "GradeBook.Tests", "test\GradeBook.Tests\GradeBook.Tests.csproj", "{A4A7504E-F69D-465C-BE60-63AE9189EA08}"
EndProject
Global
	GlobalSection(SolutionConfigurationPlatforms) = preSolution
		Debug|Any CPU = Debug|Any CPU
		Debug|x64 = Debug|x64
		Debug|x86 = Debug|x86
		Release|Any CPU = Release|Any CPU
		Release|x64 = Release|x64
		Release|x86 = Release|x86
	EndGlobalSection
	GlobalSection(SolutionProperties) = preSolution
		HideSolutionNode = FALSE
	EndGlobalSection
	GlobalSection(ProjectConfigurationPlatforms) = postSolution
		{F4428522-AA23-4ADF-8800-639D009EFEFD}.Debug|Any CPU.ActiveCfg = Debug|Any CPU
		{F4428522-AA23-4ADF-8800-639D009EFEFD}.Debug|Any CPU.Build.0 = Debug|Any CPU
		{F4428522-AA23-4ADF-8800-639D009EFEFD}.Debug|x64.ActiveCfg = Debug|Any CPU
		{F4428522-AA23-4ADF-8800-639D009EFEFD}.Debug|x64.Build.0 = Debug|Any CPU
		{F4428522-AA23-4ADF-8800-639D009EFEFD}.Debug|x86.ActiveCfg = Debug|Any CPU
		{F4428522-AA23-4ADF-8800-639D009EFEFD}.Debug|x86.Build.0 = Debug|Any CPU
		{F4428522-AA23-4ADF-8800-639D009EFEFD}.Release|Any CPU.ActiveCfg = Release|Any CPU
		{F4428522-AA23-4ADF-8800-639D009EFEFD}.Release|Any CPU.Build.0 = Release|Any CPU
		{F4428522-AA23-4ADF-8800-639D009EFEFD}.Release|x64.ActiveCfg = Release|Any CPU
		{F4428522-AA23-4ADF-8800-639D009EFEFD}.Release|x64.Build.0 = Release|Any CPU
		{F4428522-AA23-4ADF-8800-639D009EFEFD}.Release|x86.ActiveCfg = Release|Any CPU
		{F4428522-AA23-4ADF-8800-639D009EFEFD}.Release|x86.Build.0 = Release|Any CPU
		{A4A7504E-F69D-465C-BE60-63AE9189EA08}.Debug|Any CPU.ActiveCfg = Debug|Any CPU
		{A4A7504E-F69D-465C-BE60-63AE9189EA08}.Debug|Any CPU.Build.0 = Debug|Any CPU
		{A4A7504E-F69D-465C-BE60-63AE9189EA08}.Debug|x64.ActiveCfg = Debug|Any CPU
		{A4A7504E-F69D-465C-BE60-63AE9189EA08}.Debug|x64.Build.0 = Debug|Any CPU
		{A4A7504E-F69D-465C-BE60-63AE9189EA08}.Debug|x86.ActiveCfg = Debug|Any CPU
		{A4A7504E-F69D-465C-BE60-63AE9189EA08}.Debug|x86.Build.0 = Debug|Any CPU
		{A4A7504E-F69D-465C-BE60-63AE9189EA08}.Release|Any CPU.ActiveCfg = Release|Any CPU
		{A4A7504E-F69D-465C-BE60-63AE9189EA08}.Release|Any CPU.Build.0 = Release|Any CPU
		{A4A7504E-F69D-465C-BE60-63AE9189EA08}.Release|x64.ActiveCfg = Release|Any CPU
		{A4A7504E-F69D-465C-BE60-63AE9189EA08}.Release|x64.Build.0 = Release|Any CPU
		{A4A7504E-F69D-465C-BE60-63AE9189EA08}.Release|x86.ActiveCfg = Release|Any CPU
		{A4A7504E-F69D-465C-BE60-63AE9189EA08}.Release|x86.Build.0 = Release|Any CPU
	EndGlobalSection
	GlobalSection(NestedProjects) = preSolution
		{F4428522-AA23-4ADF-8800-639D009EFEFD} = {32BC36AA-3B9E-4163-82B5-41D758C01AF4}
		{A4A7504E-F69D-465C-BE60-63AE9189EA08} = {7C685548-DE81-4F58-A5C8-171C29279242}
	EndGlobalSection
EndGlobal
